
Microsoft Visual Studio Solution File, Format Version 12.00
# Visual Studio Version 16
VisualStudioVersion = 16.0.33423.256
MinimumVisualStudioVersion = 10.0.40219.1
Project("{9A19103F-16F7-4668-BE54-9A1E7A4F7556}") = "AdapterDesignPattern", "AdapterDesignPattern\AdapterDesignPattern.csproj", "{00E350E8-120D-40D2-B201-698E0350B2C4}"
EndProject
Project("{9A19103F-16F7-4668-BE54-9A1E7A4F7556}") = "SingletonDesignPattern", "SingletonDesignPattern\SingletonDesignPattern.csproj", "{83F20510-35C3-4B54-BF2C-3AAF164AB757}"
EndProject
Project("{9A19103F-16F7-4668-BE54-9A1E7A4F7556}") = "StrategyDesignPattern", "StrategyDesignPattern\StrategyDesignPattern.csproj", "{6F936D30-DCF4-4BDF-8F0E-DC7CB3468DF7}"
EndProject
Project("{9A19103F-16F7-4668-BE54-9A1E7A4F7556}") = "BuilderDesignPattern", "BuilderDesignPattern\BuilderDesignPattern.csproj", "{DAE61900-13AE-4666-BFC2-00D2ECB0B8AD}"
EndProject
Project("{9A19103F-16F7-4668-BE54-9A1E7A4F7556}") = "ObserverDesignPattern", "ObserverDesignPattern\ObserverDesignPattern.csproj", "{95B0DD40-97A6-4C62-8931-3C3E390E2510}"
EndProject
Project("{9A19103F-16F7-4668-BE54-9A1E7A4F7556}") = "ProxyDesignPattern", "ProxyDesignPattern\ProxyDesignPattern.csproj", "{74BADD6A-5140-4C2A-8A5C-8BA3E4B49996}"
EndProject
Project("{FAE04EC0-301F-11D3-BF4B-00C04F79EFBC}") = "DecoratorDesignPattern", "DecoratorDesignPattern\DecoratorDesignPattern.csproj", "{144524C8-6899-49AF-9795-B569E3B0A418}"
EndProject
Global
	GlobalSection(SolutionConfigurationPlatforms) = preSolution
		Debug|Any CPU = Debug|Any CPU
		Release|Any CPU = Release|Any CPU
	EndGlobalSection
	GlobalSection(ProjectConfigurationPlatforms) = postSolution
		{00E350E8-120D-40D2-B201-698E0350B2C4}.Debug|Any CPU.ActiveCfg = Debug|Any CPU
		{00E350E8-120D-40D2-B201-698E0350B2C4}.Debug|Any CPU.Build.0 = Debug|Any CPU
		{00E350E8-120D-40D2-B201-698E0350B2C4}.Release|Any CPU.ActiveCfg = Release|Any CPU
		{00E350E8-120D-40D2-B201-698E0350B2C4}.Release|Any CPU.Build.0 = Release|Any CPU
		{83F20510-35C3-4B54-BF2C-3AAF164AB757}.Debug|Any CPU.ActiveCfg = Debug|Any CPU
		{83F20510-35C3-4B54-BF2C-3AAF164AB757}.Debug|Any CPU.Build.0 = Debug|Any CPU
		{83F20510-35C3-4B54-BF2C-3AAF164AB757}.Release|Any CPU.ActiveCfg = Release|Any CPU
		{83F20510-35C3-4B54-BF2C-3AAF164AB757}.Release|Any CPU.Build.0 = Release|Any CPU
		{6F936D30-DCF4-4BDF-8F0E-DC7CB3468DF7}.Debug|Any CPU.ActiveCfg = Debug|Any CPU
		{6F936D30-DCF4-4BDF-8F0E-DC7CB3468DF7}.Debug|Any CPU.Build.0 = Debug|Any CPU
		{6F936D30-DCF4-4BDF-8F0E-DC7CB3468DF7}.Release|Any CPU.ActiveCfg = Release|Any CPU
		{6F936D30-DCF4-4BDF-8F0E-DC7CB3468DF7}.Release|Any CPU.Build.0 = Release|Any CPU
		{DAE61900-13AE-4666-BFC2-00D2ECB0B8AD}.Debug|Any CPU.ActiveCfg = Debug|Any CPU
		{DAE61900-13AE-4666-BFC2-00D2ECB0B8AD}.Debug|Any CPU.Build.0 = Debug|Any CPU
		{DAE61900-13AE-4666-BFC2-00D2ECB0B8AD}.Release|Any CPU.ActiveCfg = Release|Any CPU
		{DAE61900-13AE-4666-BFC2-00D2ECB0B8AD}.Release|Any CPU.Build.0 = Release|Any CPU
		{95B0DD40-97A6-4C62-8931-3C3E390E2510}.Debug|Any CPU.ActiveCfg = Debug|Any CPU
		{95B0DD40-97A6-4C62-8931-3C3E390E2510}.Debug|Any CPU.Build.0 = Debug|Any CPU
		{95B0DD40-97A6-4C62-8931-3C3E390E2510}.Release|Any CPU.ActiveCfg = Release|Any CPU
		{95B0DD40-97A6-4C62-8931-3C3E390E2510}.Release|Any CPU.Build.0 = Release|Any CPU
		{74BADD6A-5140-4C2A-8A5C-8BA3E4B49996}.Debug|Any CPU.ActiveCfg = Debug|Any CPU
		{74BADD6A-5140-4C2A-8A5C-8BA3E4B49996}.Debug|Any CPU.Build.0 = Debug|Any CPU
		{74BADD6A-5140-4C2A-8A5C-8BA3E4B49996}.Release|Any CPU.ActiveCfg = Release|Any CPU
		{74BADD6A-5140-4C2A-8A5C-8BA3E4B49996}.Release|Any CPU.Build.0 = Release|Any CPU
		{144524C8-6899-49AF-9795-B569E3B0A418}.Debug|Any CPU.ActiveCfg = Debug|Any CPU
		{144524C8-6899-49AF-9795-B569E3B0A418}.Debug|Any CPU.Build.0 = Debug|Any CPU
		{144524C8-6899-49AF-9795-B569E3B0A418}.Release|Any CPU.ActiveCfg = Release|Any CPU
		{144524C8-6899-49AF-9795-B569E3B0A418}.Release|Any CPU.Build.0 = Release|Any CPU
	EndGlobalSection
	GlobalSection(SolutionProperties) = preSolution
		HideSolutionNode = FALSE
	EndGlobalSection
	GlobalSection(ExtensibilityGlobals) = postSolution
		SolutionGuid = {019B7BCA-993C-45A1-9CCD-25840D2992C1}
	EndGlobalSection
EndGlobal
